
Microsoft Visual Studio Solution File, Format Version 12.00
# Visual Studio 2013
VisualStudioVersion = 12.0.21005.1
MinimumVisualStudioVersion = 10.0.40219.1
Project("{FAE04EC0-301F-11D3-BF4B-00C04F79EFBC}") = "WebInstitution", "WebInstitution\WebInstitution.csproj", "{2F55F10D-C61B-4876-A1A5-1A1B2F857E4E}"
	ProjectSection(ProjectDependencies) = postProject
		{0087976E-B2F1-4163-8574-C070EE07D51C} = {0087976E-B2F1-4163-8574-C070EE07D51C}
	EndProjectSection
EndProject
Project("{FAE04EC0-301F-11D3-BF4B-00C04F79EFBC}") = "HealthPlusAPI", "HealthPlusAPI\HealthPlusAPI.csproj", "{F8A5B296-5847-482B-8151-FD45C1516B0C}"
EndProject
Project("{FAE04EC0-301F-11D3-BF4B-00C04F79EFBC}") = "WebClient", "WebClient\WebClient.csproj", "{0414D5A9-FA2C-4ED8-A2EA-B66A9DEAEEA0}"
EndProject
Project("{2150E333-8FDC-42A3-9474-1A3956D46DE8}") = "DB", "DB", "{B97E69C7-3E18-4B9D-AFD4-19E895F8E748}"
	ProjectSection(SolutionItems) = preProject
		DB\dbScript.sql = DB\dbScript.sql
	EndProjectSection
EndProject
Project("{FAE04EC0-301F-11D3-BF4B-00C04F79EFBC}") = "HpREST_Bridge", "HpREST_Bridge\HpREST_Bridge.csproj", "{0087976E-B2F1-4163-8574-C070EE07D51C}"
EndProject
Global
	GlobalSection(SolutionConfigurationPlatforms) = preSolution
		Debug|Any CPU = Debug|Any CPU
		Release|Any CPU = Release|Any CPU
	EndGlobalSection
	GlobalSection(ProjectConfigurationPlatforms) = postSolution
		{2F55F10D-C61B-4876-A1A5-1A1B2F857E4E}.Debug|Any CPU.ActiveCfg = Debug|Any CPU
		{2F55F10D-C61B-4876-A1A5-1A1B2F857E4E}.Debug|Any CPU.Build.0 = Debug|Any CPU
		{2F55F10D-C61B-4876-A1A5-1A1B2F857E4E}.Release|Any CPU.ActiveCfg = Release|Any CPU
		{2F55F10D-C61B-4876-A1A5-1A1B2F857E4E}.Release|Any CPU.Build.0 = Release|Any CPU
		{F8A5B296-5847-482B-8151-FD45C1516B0C}.Debug|Any CPU.ActiveCfg = Debug|Any CPU
		{F8A5B296-5847-482B-8151-FD45C1516B0C}.Debug|Any CPU.Build.0 = Debug|Any CPU
		{F8A5B296-5847-482B-8151-FD45C1516B0C}.Release|Any CPU.ActiveCfg = Release|Any CPU
		{F8A5B296-5847-482B-8151-FD45C1516B0C}.Release|Any CPU.Build.0 = Release|Any CPU
		{0414D5A9-FA2C-4ED8-A2EA-B66A9DEAEEA0}.Debug|Any CPU.ActiveCfg = Debug|Any CPU
		{0414D5A9-FA2C-4ED8-A2EA-B66A9DEAEEA0}.Debug|Any CPU.Build.0 = Debug|Any CPU
		{0414D5A9-FA2C-4ED8-A2EA-B66A9DEAEEA0}.Release|Any CPU.ActiveCfg = Release|Any CPU
		{0414D5A9-FA2C-4ED8-A2EA-B66A9DEAEEA0}.Release|Any CPU.Build.0 = Release|Any CPU
		{0087976E-B2F1-4163-8574-C070EE07D51C}.Debug|Any CPU.ActiveCfg = Debug|Any CPU
		{0087976E-B2F1-4163-8574-C070EE07D51C}.Debug|Any CPU.Build.0 = Debug|Any CPU
		{0087976E-B2F1-4163-8574-C070EE07D51C}.Release|Any CPU.ActiveCfg = Release|Any CPU
		{0087976E-B2F1-4163-8574-C070EE07D51C}.Release|Any CPU.Build.0 = Release|Any CPU
	EndGlobalSection
	GlobalSection(SolutionProperties) = preSolution
		HideSolutionNode = FALSE
	EndGlobalSection
EndGlobal
